// !$*UTF8*$!
{
	archiveVersion = 1;
	classes = {
	};
	objectVersion = 56;
	objects = {

/* Begin PBXBuildFile section */
		02852FC82ABB9B16000817BE /* RecipeViewModel.swift in Sources */ = {isa = PBXBuildFile; fileRef = 02852FC72ABB9B16000817BE /* RecipeViewModel.swift */; };
		028A2ADF2ABB60DF00F01BE8 /* AddRecipeview.swift in Sources */ = {isa = PBXBuildFile; fileRef = 028A2ADE2ABB60DF00F01BE8 /* AddRecipeview.swift */; };
		02E054D92ABB0FF70010C9B9 /* RecipeSaverApp.swift in Sources */ = {isa = PBXBuildFile; fileRef = 02E054D82ABB0FF70010C9B9 /* RecipeSaverApp.swift */; };
		02E054DB2ABB0FF70010C9B9 /* ContentView.swift in Sources */ = {isa = PBXBuildFile; fileRef = 02E054DA2ABB0FF70010C9B9 /* ContentView.swift */; };
		02E054DD2ABB0FF90010C9B9 /* Assets.xcassets in Resources */ = {isa = PBXBuildFile; fileRef = 02E054DC2ABB0FF90010C9B9 /* Assets.xcassets */; };
		02E054E02ABB0FF90010C9B9 /* Preview Assets.xcassets in Resources */ = {isa = PBXBuildFile; fileRef = 02E054DF2ABB0FF90010C9B9 /* Preview Assets.xcassets */; };
		02E054EA2ABB0FF90010C9B9 /* RecipeSaverTests.swift in Sources */ = {isa = PBXBuildFile; fileRef = 02E054E92ABB0FF90010C9B9 /* RecipeSaverTests.swift */; };
		02E054F42ABB0FFA0010C9B9 /* RecipeSaverUITests.swift in Sources */ = {isa = PBXBuildFile; fileRef = 02E054F32ABB0FFA0010C9B9 /* RecipeSaverUITests.swift */; };
		02E054F62ABB0FFA0010C9B9 /* RecipeSaverUITestsLaunchTests.swift in Sources */ = {isa = PBXBuildFile; fileRef = 02E054F52ABB0FFA0010C9B9 /* RecipeSaverUITestsLaunchTests.swift */; };
		02E055092ABB11F00010C9B9 /* HomeView.swift in Sources */ = {isa = PBXBuildFile; fileRef = 02E055082ABB11F00010C9B9 /* HomeView.swift */; };
		02E0550B2ABB12090010C9B9 /* CategoriesView.swift in Sources */ = {isa = PBXBuildFile; fileRef = 02E0550A2ABB12090010C9B9 /* CategoriesView.swift */; };
		02E0550D2ABB12210010C9B9 /* NewRecipeView.swift in Sources */ = {isa = PBXBuildFile; fileRef = 02E0550C2ABB12210010C9B9 /* NewRecipeView.swift */; };
		02E0550F2ABB12340010C9B9 /* FavoritesView.swift in Sources */ = {isa = PBXBuildFile; fileRef = 02E0550E2ABB12340010C9B9 /* FavoritesView.swift */; };
		02E055112ABB12440010C9B9 /* SettingsView.swift in Sources */ = {isa = PBXBuildFile; fileRef = 02E055102ABB12440010C9B9 /* SettingsView.swift */; };
		02E055132ABB148B0010C9B9 /* TabBar.swift in Sources */ = {isa = PBXBuildFile; fileRef = 02E055122ABB148B0010C9B9 /* TabBar.swift */; };
		02E055152ABB18690010C9B9 /* RecipeModel.swift in Sources */ = {isa = PBXBuildFile; fileRef = 02E055142ABB18690010C9B9 /* RecipeModel.swift */; };
		02E055172ABB20780010C9B9 /* RecipeCard.swift in Sources */ = {isa = PBXBuildFile; fileRef = 02E055162ABB20770010C9B9 /* RecipeCard.swift */; };
		02E055192ABB280B0010C9B9 /* RecipeList.swift in Sources */ = {isa = PBXBuildFile; fileRef = 02E055182ABB280B0010C9B9 /* RecipeList.swift */; };
		02E0551B2ABB2E3C0010C9B9 /* RecipeView.swift in Sources */ = {isa = PBXBuildFile; fileRef = 02E0551A2ABB2E3C0010C9B9 /* RecipeView.swift */; };
		02E0551D2ABB3D7B0010C9B9 /* CategoryView.swift in Sources */ = {isa = PBXBuildFile; fileRef = 02E0551C2ABB3D7B0010C9B9 /* CategoryView.swift */; };
/* End PBXBuildFile section */

/* Begin PBXContainerItemProxy section */
		02E054E62ABB0FF90010C9B9 /* PBXContainerItemProxy */ = {
			isa = PBXContainerItemProxy;
			containerPortal = 02E054CD2ABB0FF70010C9B9 /* Project object */;
			proxyType = 1;
			remoteGlobalIDString = 02E054D42ABB0FF70010C9B9;
			remoteInfo = RecipeSaver;
		};
		02E054F02ABB0FFA0010C9B9 /* PBXContainerItemProxy */ = {
			isa = PBXContainerItemProxy;
			containerPortal = 02E054CD2ABB0FF70010C9B9 /* Project object */;
			proxyType = 1;
			remoteGlobalIDString = 02E054D42ABB0FF70010C9B9;
			remoteInfo = RecipeSaver;
		};
/* End PBXContainerItemProxy section */

/* Begin PBXFileReference section */
		02852FC72ABB9B16000817BE /* RecipeViewModel.swift */ = {isa = PBXFileReference; lastKnownFileType = sourcecode.swift; path = RecipeViewModel.swift; sourceTree = "<group>"; };
		028A2ADE2ABB60DF00F01BE8 /* AddRecipeview.swift */ = {isa = PBXFileReference; lastKnownFileType = sourcecode.swift; path = AddRecipeview.swift; sourceTree = "<group>"; };
		02E054D52ABB0FF70010C9B9 /* RecipeSaver.app */ = {isa = PBXFileReference; explicitFileType = wrapper.application; includeInIndex = 0; path = RecipeSaver.app; sourceTree = BUILT_PRODUCTS_DIR; };
		02E054D82ABB0FF70010C9B9 /* RecipeSaverApp.swift */ = {isa = PBXFileReference; lastKnownFileType = sourcecode.swift; path = RecipeSaverApp.swift; sourceTree = "<group>"; };
		02E054DA2ABB0FF70010C9B9 /* ContentView.swift */ = {isa = PBXFileReference; lastKnownFileType = sourcecode.swift; path = ContentView.swift; sourceTree = "<group>"; };
		02E054DC2ABB0FF90010C9B9 /* Assets.xcassets */ = {isa = PBXFileReference; lastKnownFileType = folder.assetcatalog; path = Assets.xcassets; sourceTree = "<group>"; };
		02E054DF2ABB0FF90010C9B9 /* Preview Assets.xcassets */ = {isa = PBXFileReference; lastKnownFileType = folder.assetcatalog; path = "Preview Assets.xcassets"; sourceTree = "<group>"; };
		02E054E52ABB0FF90010C9B9 /* RecipeSaverTests.xctest */ = {isa = PBXFileReference; explicitFileType = wrapper.cfbundle; includeInIndex = 0; path = RecipeSaverTests.xctest; sourceTree = BUILT_PRODUCTS_DIR; };
		02E054E92ABB0FF90010C9B9 /* RecipeSaverTests.swift */ = {isa = PBXFileReference; lastKnownFileType = sourcecode.swift; path = RecipeSaverTests.swift; sourceTree = "<group>"; };
		02E054EF2ABB0FFA0010C9B9 /* RecipeSaverUITests.xctest */ = {isa = PBXFileReference; explicitFileType = wrapper.cfbundle; includeInIndex = 0; path = RecipeSaverUITests.xctest; sourceTree = BUILT_PRODUCTS_DIR; };
		02E054F32ABB0FFA0010C9B9 /* RecipeSaverUITests.swift */ = {isa = PBXFileReference; lastKnownFileType = sourcecode.swift; path = RecipeSaverUITests.swift; sourceTree = "<group>"; };
		02E054F52ABB0FFA0010C9B9 /* RecipeSaverUITestsLaunchTests.swift */ = {isa = PBXFileReference; lastKnownFileType = sourcecode.swift; path = RecipeSaverUITestsLaunchTests.swift; sourceTree = "<group>"; };
		02E055082ABB11F00010C9B9 /* HomeView.swift */ = {isa = PBXFileReference; lastKnownFileType = sourcecode.swift; path = HomeView.swift; sourceTree = "<group>"; };
		02E0550A2ABB12090010C9B9 /* CategoriesView.swift */ = {isa = PBXFileReference; lastKnownFileType = sourcecode.swift; path = CategoriesView.swift; sourceTree = "<group>"; };
		02E0550C2ABB12210010C9B9 /* NewRecipeView.swift */ = {isa = PBXFileReference; lastKnownFileType = sourcecode.swift; path = NewRecipeView.swift; sourceTree = "<group>"; };
		02E0550E2ABB12340010C9B9 /* FavoritesView.swift */ = {isa = PBXFileReference; lastKnownFileType = sourcecode.swift; path = FavoritesView.swift; sourceTree = "<group>"; };
		02E055102ABB12440010C9B9 /* SettingsView.swift */ = {isa = PBXFileReference; lastKnownFileType = sourcecode.swift; path = SettingsView.swift; sourceTree = "<group>"; };
		02E055122ABB148B0010C9B9 /* TabBar.swift */ = {isa = PBXFileReference; lastKnownFileType = sourcecode.swift; path = TabBar.swift; sourceTree = "<group>"; };
		02E055142ABB18690010C9B9 /* RecipeModel.swift */ = {isa = PBXFileReference; lastKnownFileType = sourcecode.swift; path = RecipeModel.swift; sourceTree = "<group>"; };
		02E055162ABB20770010C9B9 /* RecipeCard.swift */ = {isa = PBXFileReference; lastKnownFileType = sourcecode.swift; path = RecipeCard.swift; sourceTree = "<group>"; };
		02E055182ABB280B0010C9B9 /* RecipeList.swift */ = {isa = PBXFileReference; lastKnownFileType = sourcecode.swift; path = RecipeList.swift; sourceTree = "<group>"; };
		02E0551A2ABB2E3C0010C9B9 /* RecipeView.swift */ = {isa = PBXFileReference; lastKnownFileType = sourcecode.swift; path = RecipeView.swift; sourceTree = "<group>"; };
		02E0551C2ABB3D7B0010C9B9 /* CategoryView.swift */ = {isa = PBXFileReference; lastKnownFileType = sourcecode.swift; path = CategoryView.swift; sourceTree = "<group>"; };
/* End PBXFileReference section */

/* Begin PBXFrameworksBuildPhase section */
		02E054D22ABB0FF70010C9B9 /* Frameworks */ = {
			isa = PBXFrameworksBuildPhase;
			buildActionMask = 2147483647;
			files = (
			);
			runOnlyForDeploymentPostprocessing = 0;
		};
		02E054E22ABB0FF90010C9B9 /* Frameworks */ = {
			isa = PBXFrameworksBuildPhase;
			buildActionMask = 2147483647;
			files = (
			);
			runOnlyForDeploymentPostprocessing = 0;
		};
		02E054EC2ABB0FFA0010C9B9 /* Frameworks */ = {
			isa = PBXFrameworksBuildPhase;
			buildActionMask = 2147483647;
			files = (
			);
			runOnlyForDeploymentPostprocessing = 0;
		};
/* End PBXFrameworksBuildPhase section */

/* Begin PBXGroup section */
		02E054CC2ABB0FF70010C9B9 = {
			isa = PBXGroup;
			children = (
				02E054D72ABB0FF70010C9B9 /* RecipeSaver */,
				02E054E82ABB0FF90010C9B9 /* RecipeSaverTests */,
				02E054F22ABB0FFA0010C9B9 /* RecipeSaverUITests */,
				02E054D62ABB0FF70010C9B9 /* Products */,
			);
			sourceTree = "<group>";
		};
		02E054D62ABB0FF70010C9B9 /* Products */ = {
			isa = PBXGroup;
			children = (
				02E054D52ABB0FF70010C9B9 /* RecipeSaver.app */,
				02E054E52ABB0FF90010C9B9 /* RecipeSaverTests.xctest */,
				02E054EF2ABB0FFA0010C9B9 /* RecipeSaverUITests.xctest */,
			);
			name = Products;
			sourceTree = "<group>";
		};
		02E054D72ABB0FF70010C9B9 /* RecipeSaver */ = {
			isa = PBXGroup;
			children = (
				02E054D82ABB0FF70010C9B9 /* RecipeSaverApp.swift */,
				02E055072ABB11730010C9B9 /* Models */,
				02E055062ABB116C0010C9B9 /* ViewModels */,
				02E055022ABB110C0010C9B9 /* Views */,
				02E054DC2ABB0FF90010C9B9 /* Assets.xcassets */,
				02E054DE2ABB0FF90010C9B9 /* Preview Content */,
			);
			path = RecipeSaver;
			sourceTree = "<group>";
		};
		02E054DE2ABB0FF90010C9B9 /* Preview Content */ = {
			isa = PBXGroup;
			children = (
				02E054DF2ABB0FF90010C9B9 /* Preview Assets.xcassets */,
			);
			path = "Preview Content";
			sourceTree = "<group>";
		};
		02E054E82ABB0FF90010C9B9 /* RecipeSaverTests */ = {
			isa = PBXGroup;
			children = (
				02E054E92ABB0FF90010C9B9 /* RecipeSaverTests.swift */,
			);
			path = RecipeSaverTests;
			sourceTree = "<group>";
		};
		02E054F22ABB0FFA0010C9B9 /* RecipeSaverUITests */ = {
			isa = PBXGroup;
			children = (
				02E054F32ABB0FFA0010C9B9 /* RecipeSaverUITests.swift */,
				02E054F52ABB0FFA0010C9B9 /* RecipeSaverUITestsLaunchTests.swift */,
			);
			path = RecipeSaverUITests;
			sourceTree = "<group>";
		};
		02E055022ABB110C0010C9B9 /* Views */ = {
			isa = PBXGroup;
			children = (
				02E055052ABB11270010C9B9 /* Components */,
				02E055042ABB11200010C9B9 /* Details */,
				02E055032ABB11190010C9B9 /* Main */,
			);
			path = Views;
			sourceTree = "<group>";
		};
		02E055032ABB11190010C9B9 /* Main */ = {
			isa = PBXGroup;
			children = (
				02E054DA2ABB0FF70010C9B9 /* ContentView.swift */,
				02E055122ABB148B0010C9B9 /* TabBar.swift */,
				02E055082ABB11F00010C9B9 /* HomeView.swift */,
				02E0550A2ABB12090010C9B9 /* CategoriesView.swift */,
				02E0550C2ABB12210010C9B9 /* NewRecipeView.swift */,
				02E0550E2ABB12340010C9B9 /* FavoritesView.swift */,
				02E055102ABB12440010C9B9 /* SettingsView.swift */,
			);
			path = Main;
			sourceTree = "<group>";
		};
		02E055042ABB11200010C9B9 /* Details */ = {
			isa = PBXGroup;
			children = (
				02E0551A2ABB2E3C0010C9B9 /* RecipeView.swift */,
				02E0551C2ABB3D7B0010C9B9 /* CategoryView.swift */,
				028A2ADE2ABB60DF00F01BE8 /* AddRecipeview.swift */,
			);
			path = Details;
			sourceTree = "<group>";
		};
		02E055052ABB11270010C9B9 /* Components */ = {
			isa = PBXGroup;
			children = (
				02E055162ABB20770010C9B9 /* RecipeCard.swift */,
				02E055182ABB280B0010C9B9 /* RecipeList.swift */,
			);
			path = Components;
			sourceTree = "<group>";
		};
		02E055062ABB116C0010C9B9 /* ViewModels */ = {
			isa = PBXGroup;
			children = (
				02852FC72ABB9B16000817BE /* RecipeViewModel.swift */,
			);
			path = ViewModels;
			sourceTree = "<group>";
		};
		02E055072ABB11730010C9B9 /* Models */ = {
			isa = PBXGroup;
			children = (
				02E055142ABB18690010C9B9 /* RecipeModel.swift */,
			);
			path = Models;
			sourceTree = "<group>";
		};
/* End PBXGroup section */

/* Begin PBXNativeTarget section */
		02E054D42ABB0FF70010C9B9 /* RecipeSaver */ = {
			isa = PBXNativeTarget;
			buildConfigurationList = 02E054F92ABB0FFA0010C9B9 /* Build configuration list for PBXNativeTarget "RecipeSaver" */;
			buildPhases = (
				02E054D12ABB0FF70010C9B9 /* Sources */,
				02E054D22ABB0FF70010C9B9 /* Frameworks */,
				02E054D32ABB0FF70010C9B9 /* Resources */,
			);
			buildRules = (
			);
			dependencies = (
			);
			name = RecipeSaver;
			productName = RecipeSaver;
			productReference = 02E054D52ABB0FF70010C9B9 /* RecipeSaver.app */;
			productType = "com.apple.product-type.application";
		};
		02E054E42ABB0FF90010C9B9 /* RecipeSaverTests */ = {
			isa = PBXNativeTarget;
			buildConfigurationList = 02E054FC2ABB0FFA0010C9B9 /* Build configuration list for PBXNativeTarget "RecipeSaverTests" */;
			buildPhases = (
				02E054E12ABB0FF90010C9B9 /* Sources */,
				02E054E22ABB0FF90010C9B9 /* Frameworks */,
				02E054E32ABB0FF90010C9B9 /* Resources */,
			);
			buildRules = (
			);
			dependencies = (
				02E054E72ABB0FF90010C9B9 /* PBXTargetDependency */,
			);
			name = RecipeSaverTests;
			productName = RecipeSaverTests;
			productReference = 02E054E52ABB0FF90010C9B9 /* RecipeSaverTests.xctest */;
			productType = "com.apple.product-type.bundle.unit-test";
		};
		02E054EE2ABB0FFA0010C9B9 /* RecipeSaverUITests */ = {
			isa = PBXNativeTarget;
			buildConfigurationList = 02E054FF2ABB0FFA0010C9B9 /* Build configuration list for PBXNativeTarget "RecipeSaverUITests" */;
			buildPhases = (
				02E054EB2ABB0FFA0010C9B9 /* Sources */,
				02E054EC2ABB0FFA0010C9B9 /* Frameworks */,
				02E054ED2ABB0FFA0010C9B9 /* Resources */,
			);
			buildRules = (
			);
			dependencies = (
				02E054F12ABB0FFA0010C9B9 /* PBXTargetDependency */,
			);
			name = RecipeSaverUITests;
			productName = RecipeSaverUITests;
			productReference = 02E054EF2ABB0FFA0010C9B9 /* RecipeSaverUITests.xctest */;
			productType = "com.apple.product-type.bundle.ui-testing";
		};
/* End PBXNativeTarget section */

/* Begin PBXProject section */
		02E054CD2ABB0FF70010C9B9 /* Project object */ = {
			isa = PBXProject;
			attributes = {
				BuildIndependentTargetsInParallel = 1;
				LastSwiftUpdateCheck = 1500;
				LastUpgradeCheck = 1500;
				TargetAttributes = {
					02E054D42ABB0FF70010C9B9 = {
						CreatedOnToolsVersion = 15.0;
					};
					02E054E42ABB0FF90010C9B9 = {
						CreatedOnToolsVersion = 15.0;
						TestTargetID = 02E054D42ABB0FF70010C9B9;
					};
					02E054EE2ABB0FFA0010C9B9 = {
						CreatedOnToolsVersion = 15.0;
						TestTargetID = 02E054D42ABB0FF70010C9B9;
					};
				};
			};
			buildConfigurationList = 02E054D02ABB0FF70010C9B9 /* Build configuration list for PBXProject "RecipeSaver" */;
			compatibilityVersion = "Xcode 14.0";
			developmentRegion = en;
			hasScannedForEncodings = 0;
			knownRegions = (
				en,
				Base,
			);
			mainGroup = 02E054CC2ABB0FF70010C9B9;
			productRefGroup = 02E054D62ABB0FF70010C9B9 /* Products */;
			projectDirPath = "";
			projectRoot = "";
			targets = (
				02E054D42ABB0FF70010C9B9 /* RecipeSaver */,
				02E054E42ABB0FF90010C9B9 /* RecipeSaverTests */,
				02E054EE2ABB0FFA0010C9B9 /* RecipeSaverUITests */,
			);
		};
/* End PBXProject section */

/* Begin PBXResourcesBuildPhase section */
		02E054D32ABB0FF70010C9B9 /* Resources */ = {
			isa = PBXResourcesBuildPhase;
			buildActionMask = 2147483647;
			files = (
				02E054E02ABB0FF90010C9B9 /* Preview Assets.xcassets in Resources */,
				02E054DD2ABB0FF90010C9B9 /* Assets.xcassets in Resources */,
			);
			runOnlyForDeploymentPostprocessing = 0;
		};
		02E054E32ABB0FF90010C9B9 /* Resources */ = {
			isa = PBXResourcesBuildPhase;
			buildActionMask = 2147483647;
			files = (
			);
			runOnlyForDeploymentPostprocessing = 0;
		};
		02E054ED2ABB0FFA0010C9B9 /* Resources */ = {
			isa = PBXResourcesBuildPhase;
			buildActionMask = 2147483647;
			files = (
			);
			runOnlyForDeploymentPostprocessing = 0;
		};
/* End PBXResourcesBuildPhase section */

/* Begin PBXSourcesBuildPhase section */
		02E054D12ABB0FF70010C9B9 /* Sources */ = {
			isa = PBXSourcesBuildPhase;
			buildActionMask = 2147483647;
			files = (
				02E055112ABB12440010C9B9 /* SettingsView.swift in Sources */,
				02E055172ABB20780010C9B9 /* RecipeCard.swift in Sources */,
				02E0550B2ABB12090010C9B9 /* CategoriesView.swift in Sources */,
				02E0550D2ABB12210010C9B9 /* NewRecipeView.swift in Sources */,
				02E055132ABB148B0010C9B9 /* TabBar.swift in Sources */,
				02E0551D2ABB3D7B0010C9B9 /* CategoryView.swift in Sources */,
				028A2ADF2ABB60DF00F01BE8 /* AddRecipeview.swift in Sources */,
				02E0550F2ABB12340010C9B9 /* FavoritesView.swift in Sources */,
				02E0551B2ABB2E3C0010C9B9 /* RecipeView.swift in Sources */,
				02E055192ABB280B0010C9B9 /* RecipeList.swift in Sources */,
				02E055092ABB11F00010C9B9 /* HomeView.swift in Sources */,
				02E054DB2ABB0FF70010C9B9 /* ContentView.swift in Sources */,
				02852FC82ABB9B16000817BE /* RecipeViewModel.swift in Sources */,
				02E054D92ABB0FF70010C9B9 /* RecipeSaverApp.swift in Sources */,
				02E055152ABB18690010C9B9 /* RecipeModel.swift in Sources */,
			);
			runOnlyForDeploymentPostprocessing = 0;
		};
		02E054E12ABB0FF90010C9B9 /* Sources */ = {
			isa = PBXSourcesBuildPhase;
			buildActionMask = 2147483647;
			files = (
				02E054EA2ABB0FF90010C9B9 /* RecipeSaverTests.swift in Sources */,
			);
			runOnlyForDeploymentPostprocessing = 0;
		};
		02E054EB2ABB0FFA0010C9B9 /* Sources */ = {
			isa = PBXSourcesBuildPhase;
			buildActionMask = 2147483647;
			files = (
				02E054F62ABB0FFA0010C9B9 /* RecipeSaverUITestsLaunchTests.swift in Sources */,
				02E054F42ABB0FFA0010C9B9 /* RecipeSaverUITests.swift in Sources */,
			);
			runOnlyForDeploymentPostprocessing = 0;
		};
/* End PBXSourcesBuildPhase section */

/* Begin PBXTargetDependency section */
		02E054E72ABB0FF90010C9B9 /* PBXTargetDependency */ = {
			isa = PBXTargetDependency;
			target = 02E054D42ABB0FF70010C9B9 /* RecipeSaver */;
			targetProxy = 02E054E62ABB0FF90010C9B9 /* PBXContainerItemProxy */;
		};
		02E054F12ABB0FFA0010C9B9 /* PBXTargetDependency */ = {
			isa = PBXTargetDependency;
			target = 02E054D42ABB0FF70010C9B9 /* RecipeSaver */;
			targetProxy = 02E054F02ABB0FFA0010C9B9 /* PBXContainerItemProxy */;
		};
/* End PBXTargetDependency section */

/* Begin XCBuildConfiguration section */
		02E054F72ABB0FFA0010C9B9 /* Debug */ = {
			isa = XCBuildConfiguration;
			buildSettings = {
				ALWAYS_SEARCH_USER_PATHS = NO;
				ASSETCATALOG_COMPILER_GENERATE_SWIFT_ASSET_SYMBOL_EXTENSIONS = YES;
				CLANG_ANALYZER_NONNULL = YES;
				CLANG_ANALYZER_NUMBER_OBJECT_CONVERSION = YES_AGGRESSIVE;
				CLANG_CXX_LANGUAGE_STANDARD = "gnu++20";
				CLANG_ENABLE_MODULES = YES;
				CLANG_ENABLE_OBJC_ARC = YES;
				CLANG_ENABLE_OBJC_WEAK = YES;
				CLANG_WARN_BLOCK_CAPTURE_AUTORELEASING = YES;
				CLANG_WARN_BOOL_CONVERSION = YES;
				CLANG_WARN_COMMA = YES;
				CLANG_WARN_CONSTANT_CONVERSION = YES;
				CLANG_WARN_DEPRECATED_OBJC_IMPLEMENTATIONS = YES;
				CLANG_WARN_DIRECT_OBJC_ISA_USAGE = YES_ERROR;
				CLANG_WARN_DOCUMENTATION_COMMENTS = YES;
				CLANG_WARN_EMPTY_BODY = YES;
				CLANG_WARN_ENUM_CONVERSION = YES;
				CLANG_WARN_INFINITE_RECURSION = YES;
				CLANG_WARN_INT_CONVERSION = YES;
				CLANG_WARN_NON_LITERAL_NULL_CONVERSION = YES;
				CLANG_WARN_OBJC_IMPLICIT_RETAIN_SELF = YES;
				CLANG_WARN_OBJC_LITERAL_CONVERSION = YES;
				CLANG_WARN_OBJC_ROOT_CLASS = YES_ERROR;
				CLANG_WARN_QUOTED_INCLUDE_IN_FRAMEWORK_HEADER = YES;
				CLANG_WARN_RANGE_LOOP_ANALYSIS = YES;
				CLANG_WARN_STRICT_PROTOTYPES = YES;
				CLANG_WARN_SUSPICIOUS_MOVE = YES;
				CLANG_WARN_UNGUARDED_AVAILABILITY = YES_AGGRESSIVE;
				CLANG_WARN_UNREACHABLE_CODE = YES;
				CLANG_WARN__DUPLICATE_METHOD_MATCH = YES;
				COPY_PHASE_STRIP = NO;
				DEBUG_INFORMATION_FORMAT = dwarf;
				ENABLE_STRICT_OBJC_MSGSEND = YES;
				ENABLE_TESTABILITY = YES;
				ENABLE_USER_SCRIPT_SANDBOXING = YES;
				GCC_C_LANGUAGE_STANDARD = gnu17;
				GCC_DYNAMIC_NO_PIC = NO;
				GCC_NO_COMMON_BLOCKS = YES;
				GCC_OPTIMIZATION_LEVEL = 0;
				GCC_PREPROCESSOR_DEFINITIONS = (
					"DEBUG=1",
					"$(inherited)",
				);
				GCC_WARN_64_TO_32_BIT_CONVERSION = YES;
				GCC_WARN_ABOUT_RETURN_TYPE = YES_ERROR;
				GCC_WARN_UNDECLARED_SELECTOR = YES;
				GCC_WARN_UNINITIALIZED_AUTOS = YES_AGGRESSIVE;
				GCC_WARN_UNUSED_FUNCTION = YES;
				GCC_WARN_UNUSED_VARIABLE = YES;
				IPHONEOS_DEPLOYMENT_TARGET = 17.0;
				LOCALIZATION_PREFERS_STRING_CATALOGS = YES;
				MTL_ENABLE_DEBUG_INFO = INCLUDE_SOURCE;
				MTL_FAST_MATH = YES;
				ONLY_ACTIVE_ARCH = YES;
				SDKROOT = iphoneos;
				SWIFT_ACTIVE_COMPILATION_CONDITIONS = "DEBUG $(inherited)";
				SWIFT_OPTIMIZATION_LEVEL = "-Onone";
			};
			name = Debug;
		};
		02E054F82ABB0FFA0010C9B9 /* Release */ = {
			isa = XCBuildConfiguration;
			buildSettings = {
				ALWAYS_SEARCH_USER_PATHS = NO;
				ASSETCATALOG_COMPILER_GENERATE_SWIFT_ASSET_SYMBOL_EXTENSIONS = YES;
				CLANG_ANALYZER_NONNULL = YES;
				CLANG_ANALYZER_NUMBER_OBJECT_CONVERSION = YES_AGGRESSIVE;
				CLANG_CXX_LANGUAGE_STANDARD = "gnu++20";
				CLANG_ENABLE_MODULES = YES;
				CLANG_ENABLE_OBJC_ARC = YES;
				CLANG_ENABLE_OBJC_WEAK = YES;
				CLANG_WARN_BLOCK_CAPTURE_AUTORELEASING = YES;
				CLANG_WARN_BOOL_CONVERSION = YES;
				CLANG_WARN_COMMA = YES;
				CLANG_WARN_CONSTANT_CONVERSION = YES;
				CLANG_WARN_DEPRECATED_OBJC_IMPLEMENTATIONS = YES;
				CLANG_WARN_DIRECT_OBJC_ISA_USAGE = YES_ERROR;
				CLANG_WARN_DOCUMENTATION_COMMENTS = YES;
				CLANG_WARN_EMPTY_BODY = YES;
				CLANG_WARN_ENUM_CONVERSION = YES;
				CLANG_WARN_INFINITE_RECURSION = YES;
				CLANG_WARN_INT_CONVERSION = YES;
				CLANG_WARN_NON_LITERAL_NULL_CONVERSION = YES;
				CLANG_WARN_OBJC_IMPLICIT_RETAIN_SELF = YES;
				CLANG_WARN_OBJC_LITERAL_CONVERSION = YES;
				CLANG_WARN_OBJC_ROOT_CLASS = YES_ERROR;
				CLANG_WARN_QUOTED_INCLUDE_IN_FRAMEWORK_HEADER = YES;
				CLANG_WARN_RANGE_LOOP_ANALYSIS = YES;
				CLANG_WARN_STRICT_PROTOTYPES = YES;
				CLANG_WARN_SUSPICIOUS_MOVE = YES;
				CLANG_WARN_UNGUARDED_AVAILABILITY = YES_AGGRESSIVE;
				CLANG_WARN_UNREACHABLE_CODE = YES;
				CLANG_WARN__DUPLICATE_METHOD_MATCH = YES;
				COPY_PHASE_STRIP = NO;
				DEBUG_INFORMATION_FORMAT = "dwarf-with-dsym";
				ENABLE_NS_ASSERTIONS = NO;
				ENABLE_STRICT_OBJC_MSGSEND = YES;
				ENABLE_USER_SCRIPT_SANDBOXING = YES;
				GCC_C_LANGUAGE_STANDARD = gnu17;
				GCC_NO_COMMON_BLOCKS = YES;
				GCC_WARN_64_TO_32_BIT_CONVERSION = YES;
				GCC_WARN_ABOUT_RETURN_TYPE = YES_ERROR;
				GCC_WARN_UNDECLARED_SELECTOR = YES;
				GCC_WARN_UNINITIALIZED_AUTOS = YES_AGGRESSIVE;
				GCC_WARN_UNUSED_FUNCTION = YES;
				GCC_WARN_UNUSED_VARIABLE = YES;
				IPHONEOS_DEPLOYMENT_TARGET = 17.0;
				LOCALIZATION_PREFERS_STRING_CATALOGS = YES;
				MTL_ENABLE_DEBUG_INFO = NO;
				MTL_FAST_MATH = YES;
				SDKROOT = iphoneos;
				SWIFT_COMPILATION_MODE = wholemodule;
				VALIDATE_PRODUCT = YES;
			};
			name = Release;
		};
		02E054FA2ABB0FFA0010C9B9 /* Debug */ = {
			isa = XCBuildConfiguration;
			buildSettings = {
				ASSETCATALOG_COMPILER_APPICON_NAME = AppIcon;
				ASSETCATALOG_COMPILER_GLOBAL_ACCENT_COLOR_NAME = AccentColor;
				CODE_SIGN_STYLE = Automatic;
				CURRENT_PROJECT_VERSION = 1;
				DEVELOPMENT_ASSET_PATHS = "\"RecipeSaver/Preview Content\"";
				ENABLE_PREVIEWS = YES;
				GENERATE_INFOPLIST_FILE = YES;
				INFOPLIST_KEY_UIApplicationSceneManifest_Generation = YES;
				INFOPLIST_KEY_UIApplicationSupportsIndirectInputEvents = YES;
				INFOPLIST_KEY_UILaunchScreen_Generation = YES;
				INFOPLIST_KEY_UISupportedInterfaceOrientations_iPad = "UIInterfaceOrientationPortrait UIInterfaceOrientationPortraitUpsideDown UIInterfaceOrientationLandscapeLeft UIInterfaceOrientationLandscapeRight";
				INFOPLIST_KEY_UISupportedInterfaceOrientations_iPhone = "UIInterfaceOrientationPortrait UIInterfaceOrientationLandscapeLeft UIInterfaceOrientationLandscapeRight";
				LD_RUNPATH_SEARCH_PATHS = (
					"$(inherited)",
					"@executable_path/Frameworks",
				);
				MARKETING_VERSION = 1.0;
				PRODUCT_BUNDLE_IDENTIFIER = puhiza.RecipeSaver;
				PRODUCT_NAME = "$(TARGET_NAME)";
				SWIFT_EMIT_LOC_STRINGS = YES;
				SWIFT_VERSION = 5.0;
				TARGETED_DEVICE_FAMILY = "1,2";
			};
			name = Debug;
		};
		02E054FB2ABB0FFA0010C9B9 /* Release */ = {
			isa = XCBuildConfiguration;
			buildSettings = {
				ASSETCATALOG_COMPILER_APPICON_NAME = AppIcon;
				ASSETCATALOG_COMPILER_GLOBAL_ACCENT_COLOR_NAME = AccentColor;
				CODE_SIGN_STYLE = Automatic;
				CURRENT_PROJECT_VERSION = 1;
				DEVELOPMENT_ASSET_PATHS = "\"RecipeSaver/Preview Content\"";
				ENABLE_PREVIEWS = YES;
				GENERATE_INFOPLIST_FILE = YES;
				INFOPLIST_KEY_UIApplicationSceneManifest_Generation = YES;
				INFOPLIST_KEY_UIApplicationSupportsIndirectInputEvents = YES;
				INFOPLIST_KEY_UILaunchScreen_Generation = YES;
				INFOPLIST_KEY_UISupportedInterfaceOrientations_iPad = "UIInterfaceOrientationPortrait UIInterfaceOrientationPortraitUpsideDown UIInterfaceOrientationLandscapeLeft UIInterfaceOrientationLandscapeRight";
				INFOPLIST_KEY_UISupportedInterfaceOrientations_iPhone = "UIInterfaceOrientationPortrait UIInterfaceOrientationLandscapeLeft UIInterfaceOrientationLandscapeRight";
				LD_RUNPATH_SEARCH_PATHS = (
					"$(inherited)",
					"@executable_path/Frameworks",
				);
				MARKETING_VERSION = 1.0;
				PRODUCT_BUNDLE_IDENTIFIER = puhiza.RecipeSaver;
				PRODUCT_NAME = "$(TARGET_NAME)";
				SWIFT_EMIT_LOC_STRINGS = YES;
				SWIFT_VERSION = 5.0;
				TARGETED_DEVICE_FAMILY = "1,2";
			};
			name = Release;
		};
		02E054FD2ABB0FFA0010C9B9 /* Debug */ = {
			isa = XCBuildConfiguration;
			buildSettings = {
				ALWAYS_EMBED_SWIFT_STANDARD_LIBRARIES = YES;
				BUNDLE_LOADER = "$(TEST_HOST)";
				CODE_SIGN_STYLE = Automatic;
				CURRENT_PROJECT_VERSION = 1;
				GENERATE_INFOPLIST_FILE = YES;
				IPHONEOS_DEPLOYMENT_TARGET = 17.0;
				MARKETING_VERSION = 1.0;
				PRODUCT_BUNDLE_IDENTIFIER = puhiza.RecipeSaverTests;
				PRODUCT_NAME = "$(TARGET_NAME)";
				SWIFT_EMIT_LOC_STRINGS = NO;
				SWIFT_VERSION = 5.0;
				TARGETED_DEVICE_FAMILY = "1,2";
				TEST_HOST = "$(BUILT_PRODUCTS_DIR)/RecipeSaver.app/$(BUNDLE_EXECUTABLE_FOLDER_PATH)/RecipeSaver";
			};
			name = Debug;
		};
		02E054FE2ABB0FFA0010C9B9 /* Release */ = {
			isa = XCBuildConfiguration;
			buildSettings = {
				ALWAYS_EMBED_SWIFT_STANDARD_LIBRARIES = YES;
				BUNDLE_LOADER = "$(TEST_HOST)";
				CODE_SIGN_STYLE = Automatic;
				CURRENT_PROJECT_VERSION = 1;
				GENERATE_INFOPLIST_FILE = YES;
				IPHONEOS_DEPLOYMENT_TARGET = 17.0;
				MARKETING_VERSION = 1.0;
				PRODUCT_BUNDLE_IDENTIFIER = puhiza.RecipeSaverTests;
				PRODUCT_NAME = "$(TARGET_NAME)";
				SWIFT_EMIT_LOC_STRINGS = NO;
				SWIFT_VERSION = 5.0;
				TARGETED_DEVICE_FAMILY = "1,2";
				TEST_HOST = "$(BUILT_PRODUCTS_DIR)/RecipeSaver.app/$(BUNDLE_EXECUTABLE_FOLDER_PATH)/RecipeSaver";
			};
			name = Release;
		};
		02E055002ABB0FFA0010C9B9 /* Debug */ = {
			isa = XCBuildConfiguration;
			buildSettings = {
				ALWAYS_EMBED_SWIFT_STANDARD_LIBRARIES = YES;
				CODE_SIGN_STYLE = Automatic;
				CURRENT_PROJECT_VERSION = 1;
				GENERATE_INFOPLIST_FILE = YES;
				MARKETING_VERSION = 1.0;
				PRODUCT_BUNDLE_IDENTIFIER = puhiza.RecipeSaverUITests;
				PRODUCT_NAME = "$(TARGET_NAME)";
				SWIFT_EMIT_LOC_STRINGS = NO;
				SWIFT_VERSION = 5.0;
				TARGETED_DEVICE_FAMILY = "1,2";
				TEST_TARGET_NAME = RecipeSaver;
			};
			name = Debug;
		};
		02E055012ABB0FFA0010C9B9 /* Release */ = {
			isa = XCBuildConfiguration;
			buildSettings = {
				ALWAYS_EMBED_SWIFT_STANDARD_LIBRARIES = YES;
				CODE_SIGN_STYLE = Automatic;
				CURRENT_PROJECT_VERSION = 1;
				GENERATE_INFOPLIST_FILE = YES;
				MARKETING_VERSION = 1.0;
				PRODUCT_BUNDLE_IDENTIFIER = puhiza.RecipeSaverUITests;
				PRODUCT_NAME = "$(TARGET_NAME)";
				SWIFT_EMIT_LOC_STRINGS = NO;
				SWIFT_VERSION = 5.0;
				TARGETED_DEVICE_FAMILY = "1,2";
				TEST_TARGET_NAME = RecipeSaver;
			};
			name = Release;
		};
/* End XCBuildConfiguration section */

/* Begin XCConfigurationList section */
		02E054D02ABB0FF70010C9B9 /* Build configuration list for PBXProject "RecipeSaver" */ = {
			isa = XCConfigurationList;
			buildConfigurations = (
				02E054F72ABB0FFA0010C9B9 /* Debug */,
				02E054F82ABB0FFA0010C9B9 /* Release */,
			);
			defaultConfigurationIsVisible = 0;
			defaultConfigurationName = Release;
		};
		02E054F92ABB0FFA0010C9B9 /* Build configuration list for PBXNativeTarget "RecipeSaver" */ = {
			isa = XCConfigurationList;
			buildConfigurations = (
				02E054FA2ABB0FFA0010C9B9 /* Debug */,
				02E054FB2ABB0FFA0010C9B9 /* Release */,
			);
			defaultConfigurationIsVisible = 0;
			defaultConfigurationName = Release;
		};
		02E054FC2ABB0FFA0010C9B9 /* Build configuration list for PBXNativeTarget "RecipeSaverTests" */ = {
			isa = XCConfigurationList;
			buildConfigurations = (
				02E054FD2ABB0FFA0010C9B9 /* Debug */,
				02E054FE2ABB0FFA0010C9B9 /* Release */,
			);
			defaultConfigurationIsVisible = 0;
			defaultConfigurationName = Release;
		};
		02E054FF2ABB0FFA0010C9B9 /* Build configuration list for PBXNativeTarget "RecipeSaverUITests" */ = {
			isa = XCConfigurationList;
			buildConfigurations = (
				02E055002ABB0FFA0010C9B9 /* Debug */,
				02E055012ABB0FFA0010C9B9 /* Release */,
			);
			defaultConfigurationIsVisible = 0;
			defaultConfigurationName = Release;
		};
/* End XCConfigurationList section */
	};
	rootObject = 02E054CD2ABB0FF70010C9B9 /* Project object */;
}
